dependencies:
- name: enterprise
  repository: https://charts.anchore.io
  version: 3.19.2
- name: postgresql
  repository: file://./deps/postgresql
  version: 12.5.9
- name: redis
  repository: oci://registry1.dso.mil/bigbang/maintained
  version: 23.1.1-bb.1
- name: gluon
  repository: oci://registry1.dso.mil/bigbang
  version: 0.9.8
digest: sha256:d0601a45dacfe888daebc80cee72005000ee825121bfdc3705d886b1473e5924
generated: "2026-02-10T12:15:35.349523063-05:00"
